{
  "name": "schedule-generator",
  "version": "0.1.0",
  "lockfileVersion": 1,
  "requires": true,
  "dependencies": {
    "asap": {
      "version": "2.0.6",
      "resolved": "https://registry.npmjs.org/asap/-/asap-2.0.6.tgz",
      "integrity": "sha1-5QNHYR1+aQlDIIu9r+vLwvuGbUY="
    },
    "babel-runtime": {
      "version": "6.26.0",
      "resolved": "https://registry.npmjs.org/babel-runtime/-/babel-runtime-6.26.0.tgz",
      "integrity": "sha1-llxwWGaOgrVde/4E/yM3vItWR/4=",
      "requires": {
        "core-js": "2.5.1",
        "regenerator-runtime": "0.11.0"
      },
      "dependencies": {
        "core-js": {
          "version": "2.5.1",
          "resolved": "https://registry.npmjs.org/core-js/-/core-js-2.5.1.tgz",
          "integrity": "sha1-rmh03GaTd4m4B1T/VCjfZoGcpQs="
        }
      }
    },
    "brcast": {
      "version": "3.0.1",
      "resolved": "https://registry.npmjs.org/brcast/-/brcast-3.0.1.tgz",
      "integrity": "sha512-eI3yqf9YEqyGl9PCNTR46MGvDylGtaHjalcz6Q3fAPnP/PhpKkkve52vFdfGpwp4VUvK6LUr4TQN+2stCrEwTg=="
    },
    "chain-function": {
      "version": "1.0.0",
      "resolved": "https://registry.npmjs.org/chain-function/-/chain-function-1.0.0.tgz",
      "integrity": "sha1-DUqzfn4Y6tC9xHuSB2QRjOWHM9w="
    },
    "change-emitter": {
      "version": "0.1.6",
      "resolved": "https://registry.npmjs.org/change-emitter/-/change-emitter-0.1.6.tgz",
      "integrity": "sha1-6LL+PX8at9aaMhma/5HqaTFAlRU="
    },
    "classnames": {
      "version": "2.2.5",
      "resolved": "https://registry.npmjs.org/classnames/-/classnames-2.2.5.tgz",
      "integrity": "sha1-+zgB1FNGdknvNgPH1hoCvRKb3m0="
    },
    "core-js": {
      "version": "1.2.7",
      "resolved": "https://registry.npmjs.org/core-js/-/core-js-1.2.7.tgz",
      "integrity": "sha1-ZSKUwUZR2yj6k70tX/KYOk8IxjY="
    },
    "create-react-class": {
      "version": "15.6.2",
      "resolved": "https://registry.npmjs.org/create-react-class/-/create-react-class-15.6.2.tgz",
      "integrity": "sha1-zx7RXxKq1/FO9fLf4F5sQvke8Co=",
      "requires": {
        "fbjs": "0.8.16",
        "loose-envify": "1.3.1",
        "object-assign": "4.1.1"
      }
    },
    "css-vendor": {
      "version": "0.3.8",
      "resolved": "https://registry.npmjs.org/css-vendor/-/css-vendor-0.3.8.tgz",
      "integrity": "sha1-ZCHP0wNM5mT+dnOXL9ARn8KJQfo=",
      "requires": {
        "is-in-browser": "1.1.3"
      }
    },
    "date-arithmetic": {
      "version": "3.1.0",
      "resolved": "https://registry.npmjs.org/date-arithmetic/-/date-arithmetic-3.1.0.tgz",
      "integrity": "sha1-H80D29UEudvuK5B4yFpfHH08wtM="
    },
    "deepmerge": {
      "version": "2.0.1",
      "resolved": "https://registry.npmjs.org/deepmerge/-/deepmerge-2.0.1.tgz",
      "integrity": "sha512-VIPwiMJqJ13ZQfaCsIFnp5Me9tnjURiaIFxfz7EH0Ci0dTSQpZtSLrqOicXqEd/z2r+z+Klk9GzmnRsgpgbOsQ=="
    },
    "dom-helpers": {
      "version": "3.2.1",
      "resolved": "https://registry.npmjs.org/dom-helpers/-/dom-helpers-3.2.1.tgz",
      "integrity": "sha1-MgPgf+0he9H0JLAZc1WC/Deyglo="
    },
    "dom-walk": {
      "version": "0.1.1",
      "resolved": "https://registry.npmjs.org/dom-walk/-/dom-walk-0.1.1.tgz",
      "integrity": "sha1-ZyIm3HTI95mtNTB9+TaroRrNYBg="
    },
    "encoding": {
      "version": "0.1.12",
      "resolved": "https://registry.npmjs.org/encoding/-/encoding-0.1.12.tgz",
      "integrity": "sha1-U4tm8+5izRq1HsMjgp0flIDHS+s=",
      "requires": {
        "iconv-lite": "0.4.19"
      }
    },
    "fbjs": {
      "version": "0.8.16",
      "resolved": "https://registry.npmjs.org/fbjs/-/fbjs-0.8.16.tgz",
      "integrity": "sha1-XmdDL1UNxBtXK/VYR7ispk5TN9s=",
      "requires": {
        "core-js": "1.2.7",
        "isomorphic-fetch": "2.2.1",
        "loose-envify": "1.3.1",
        "object-assign": "4.1.1",
        "promise": "7.3.1",
        "setimmediate": "1.0.5",
        "ua-parser-js": "0.7.17"
      }
    },
    "global": {
      "version": "4.3.2",
      "resolved": "https://registry.npmjs.org/global/-/global-4.3.2.tgz",
      "integrity": "sha1-52mJJopsdMOJCLEwWxD8DjlOnQ8=",
      "requires": {
        "min-document": "2.19.0",
        "process": "0.5.2"
      }
    },
    "hoist-non-react-statics": {
      "version": "2.3.1",
      "resolved": "https://registry.npmjs.org/hoist-non-react-statics/-/hoist-non-react-statics-2.3.1.tgz",
      "integrity": "sha1-ND24TGAYxlB3iJgkATWhQg7iLOA="
    },
    "iconv-lite": {
      "version": "0.4.19",
      "resolved": "https://registry.npmjs.org/iconv-lite/-/iconv-lite-0.4.19.tgz",
      "integrity": "sha512-oTZqweIP51xaGPI4uPa56/Pri/480R+mo7SeU+YETByQNhDG55ycFyNLIgta9vXhILrxXDmF7ZGhqZIcuN0gJQ=="
    },
    "invariant": {
      "version": "2.2.2",
      "resolved": "https://registry.npmjs.org/invariant/-/invariant-2.2.2.tgz",
      "integrity": "sha1-nh9WrArNtr8wMwbzOL47IErmA2A=",
      "requires": {
        "loose-envify": "1.3.1"
      }
    },
    "is-function": {
      "version": "1.0.1",
      "resolved": "https://registry.npmjs.org/is-function/-/is-function-1.0.1.tgz",
      "integrity": "sha1-Es+5i2W1fdPRk6MSH19uL0N2ArU="
    },
    "is-in-browser": {
      "version": "1.1.3",
      "resolved": "https://registry.npmjs.org/is-in-browser/-/is-in-browser-1.1.3.tgz",
      "integrity": "sha1-Vv9NtoOgeMYILrldrX3GLh0E+DU="
    },
    "is-plain-object": {
      "version": "2.0.4",
      "resolved": "https://registry.npmjs.org/is-plain-object/-/is-plain-object-2.0.4.tgz",
      "integrity": "sha512-h5PpgXkWitc38BBMYawTYMWJHFZJVnBquFE57xFpjB8pJFiF6gZ+bU+WyI/yqXiFR5mdLsgYNaPe8uao6Uv9Og==",
      "requires": {
        "isobject": "3.0.1"
      }
    },
    "is-stream": {
      "version": "1.1.0",
      "resolved": "https://registry.npmjs.org/is-stream/-/is-stream-1.1.0.tgz",
      "integrity": "sha1-EtSj3U5o4Lec6428hBc66A2RykQ="
    },
    "isobject": {
      "version": "3.0.1",
      "resolved": "https://registry.npmjs.org/isobject/-/isobject-3.0.1.tgz",
      "integrity": "sha1-TkMekrEalzFjaqH5yNHMvP2reN8="
    },
    "isomorphic-fetch": {
      "version": "2.2.1",
      "resolved": "https://registry.npmjs.org/isomorphic-fetch/-/isomorphic-fetch-2.2.1.tgz",
      "integrity": "sha1-YRrhrPFPXoH3KVB0coGf6XM1WKk=",
      "requires": {
        "node-fetch": "1.7.3",
        "whatwg-fetch": "2.0.3"
      }
    },
    "js-tokens": {
      "version": "3.0.2",
      "resolved": "https://registry.npmjs.org/js-tokens/-/js-tokens-3.0.2.tgz",
      "integrity": "sha1-mGbfOVECEw449/mWvOtlRDIJwls="
    },
    "jss": {
      "version": "8.1.0",
      "resolved": "https://registry.npmjs.org/jss/-/jss-8.1.0.tgz",
      "integrity": "sha512-NZ4CNAoPaPlM2rqHxPG5uGQbQEFZ9n1PITn0+wGIdAk2ZtA/F6el0SphLHf8So1Sx6N34hnVFFIuc32/hdsEzw==",
      "requires": {
        "is-in-browser": "1.1.3",
        "warning": "3.0.0"
      },
      "dependencies": {
        "warning": {
          "version": "3.0.0",
          "resolved": "https://registry.npmjs.org/warning/-/warning-3.0.0.tgz",
          "integrity": "sha1-MuU3fLVy3kqwR1O9+IIcAe1gW3w=",
          "requires": {
            "loose-envify": "1.3.1"
          }
        }
      }
    },
    "jss-camel-case": {
      "version": "5.0.0",
      "resolved": "https://registry.npmjs.org/jss-camel-case/-/jss-camel-case-5.0.0.tgz",
      "integrity": "sha512-vz11ip5EIlGuevtlUo9xIgiuD+it4Ebbb0+Y4o0A4oA8eOWY4aY7ihi/L7WvkQ54xnGOjUvLZ6nm2VYch2ufYg=="
    },
    "jss-compose": {
      "version": "4.0.0",
      "resolved": "https://registry.npmjs.org/jss-compose/-/jss-compose-4.0.0.tgz",
      "integrity": "sha512-VnsEziD2Lwrfwp10wx39FNybRLW5+RX/E2qQAXPAMbS+nHc0Jf2dC6ZiCfn5FaBGrpzLfIZ9MalTJDx4CQoMAQ==",
      "requires": {
        "warning": "3.0.0"
      },
      "dependencies": {
        "warning": {
          "version": "3.0.0",
          "resolved": "https://registry.npmjs.org/warning/-/warning-3.0.0.tgz",
          "integrity": "sha1-MuU3fLVy3kqwR1O9+IIcAe1gW3w=",
          "requires": {
            "loose-envify": "1.3.1"
          }
        }
      }
    },
    "jss-default-unit": {
      "version": "7.0.0",
      "resolved": "https://registry.npmjs.org/jss-default-unit/-/jss-default-unit-7.0.0.tgz",
      "integrity": "sha512-U1Oi1h45vFRuISr+g1DQ3Oua7CkNKNs47fTdiT/lHkuBMc6BBDUbPv9IbPPhk9gsEaX45Iy9TX8CAuaHLPCfEA=="
    },
    "jss-expand": {
      "version": "4.0.1",
      "resolved": "https://registry.npmjs.org/jss-expand/-/jss-expand-4.0.1.tgz",
      "integrity": "sha512-LRIMXXChAOgnhwSqYLJg8MS6dI98bf/sg52pAg04pbjOAtjfzyS0JTnQAiyk3PxqR3nKFR/Yv44ahpIpkdcxVA=="
    },
    "jss-extend": {
      "version": "5.0.0",
      "resolved": "https://registry.npmjs.org/jss-extend/-/jss-extend-5.0.0.tgz",
      "integrity": "sha512-fUp+9KipbdmzSfTxNHoT3mrFnE7fYn7EyHg3LTUexfpWrwj5Afkwb3iCfYV7GYCpg9OKDsqc18atwjHvSPWWKg==",
      "requires": {
        "warning": "3.0.0"
      },
      "dependencies": {
        "warning": {
          "version": "3.0.0",
          "resolved": "https://registry.npmjs.org/warning/-/warning-3.0.0.tgz",
          "integrity": "sha1-MuU3fLVy3kqwR1O9+IIcAe1gW3w=",
          "requires": {
            "loose-envify": "1.3.1"
          }
        }
      }
    },
    "jss-global": {
      "version": "2.0.0",
      "resolved": "https://registry.npmjs.org/jss-global/-/jss-global-2.0.0.tgz",
      "integrity": "sha512-/FSOMp4lF/vg47T/w8kKvL9tu7ka9am8N4izS63W81Qlay9hAq6xe9RxrPxygLpnn4KEb8LNbkKRoUv4SJfQsQ=="
    },
    "jss-nested": {
      "version": "5.0.0",
      "resolved": "https://registry.npmjs.org/jss-nested/-/jss-nested-5.0.0.tgz",
      "integrity": "sha512-9Molau+XVpSc6QEco3EC5yXmzeGMc5ZVII8+qy6jD6bvu6Y9mpfGoJ00LalR/n7xr/LC7Cxgs44UQQlLzumMBg==",
      "requires": {
        "warning": "3.0.0"
      },
      "dependencies": {
        "warning": {
          "version": "3.0.0",
          "resolved": "https://registry.npmjs.org/warning/-/warning-3.0.0.tgz",
          "integrity": "sha1-MuU3fLVy3kqwR1O9+IIcAe1gW3w=",
          "requires": {
            "loose-envify": "1.3.1"
          }
        }
      }
    },
    "jss-preset-default": {
      "version": "3.0.0",
      "resolved": "https://registry.npmjs.org/jss-preset-default/-/jss-preset-default-3.0.0.tgz",
      "integrity": "sha512-5wRsHsV89XjnQlUVN5jQfo6gcfcirDJmsMJL52HmWoQlV9SA+jhUtt1w3LjcJHe4e3tX4u/To/x3Btmhi+LZtQ==",
      "requires": {
        "jss-camel-case": "5.0.0",
        "jss-compose": "4.0.0",
        "jss-default-unit": "7.0.0",
        "jss-expand": "4.0.1",
        "jss-extend": "5.0.0",
        "jss-global": "2.0.0",
        "jss-nested": "5.0.0",
        "jss-props-sort": "5.0.0",
        "jss-vendor-prefixer": "6.0.0"
      }
    },
    "jss-props-sort": {
      "version": "5.0.0",
      "resolved": "https://registry.npmjs.org/jss-props-sort/-/jss-props-sort-5.0.0.tgz",
      "integrity": "sha512-xtoVE7BlcPaMN/dzypHPYJn+QiphLPB1skypAOp9zLkOozPbR/x0JVAFdZnd7zqmmjvg+Ma/txjSg0HN/eZsGA=="
    },
    "jss-vendor-prefixer": {
      "version": "6.0.0",
      "resolved": "https://registry.npmjs.org/jss-vendor-prefixer/-/jss-vendor-prefixer-6.0.0.tgz",
      "integrity": "sha512-leqW7B2QLXYsUNR3jsUZP3CkuOYcWXyfF8TSJc4XNxhVCNH7ztK5dcnF8nLoMnxT0w/ajloeJKcch2ty/viCAA==",
      "requires": {
        "css-vendor": "0.3.8"
      }
    },
    "keycode": {
      "version": "2.1.9",
      "resolved": "https://registry.npmjs.org/keycode/-/keycode-2.1.9.tgz",
      "integrity": "sha1-lkojxU5IiUBbSGGlyfBIDUUUHfo="
    },
    "lodash": {
      "version": "4.17.4",
      "resolved": "https://registry.npmjs.org/lodash/-/lodash-4.17.4.tgz",
      "integrity": "sha1-eCA6TRwyiuHYbcpkYONptX9AVa4="
    },
    "loose-envify": {
      "version": "1.3.1",
      "resolved": "https://registry.npmjs.org/loose-envify/-/loose-envify-1.3.1.tgz",
      "integrity": "sha1-0aitM/qc4OcT1l/dCsi3SNR4yEg=",
      "requires": {
        "js-tokens": "3.0.2"
      }
    },
    "material-ui": {
      "version": "1.0.0-beta.19",
      "resolved": "https://registry.npmjs.org/material-ui/-/material-ui-1.0.0-beta.19.tgz",
      "integrity": "sha512-hNUazPHKup8m4HKH6D6jcq31teMM9gU4xztGzhu4CPcdVviDo+wkTt1//oUcX86rglPIjQhV1F5652n260FJ2w==",
      "requires": {
        "babel-runtime": "6.26.0",
        "brcast": "3.0.1",
        "classnames": "2.2.5",
        "deepmerge": "2.0.1",
        "dom-helpers": "3.2.1",
        "hoist-non-react-statics": "2.3.1",
        "jss": "8.1.0",
        "jss-preset-default": "3.0.0",
        "keycode": "2.1.9",
        "lodash": "4.17.4",
        "normalize-scroll-left": "0.1.2",
        "prop-types": "15.6.0",
        "react-event-listener": "0.5.1",
        "react-flow-types": "0.2.0-beta.4",
        "react-jss": "7.2.0",
        "react-popper": "0.7.4",
        "react-scrollbar-size": "2.0.2",
        "react-transition-group": "2.2.1",
        "recompose": "0.26.0",
        "scroll": "2.0.1",
        "warning": "3.0.0"
      },
      "dependencies": {
        "warning": {
          "version": "3.0.0",
          "resolved": "https://registry.npmjs.org/warning/-/warning-3.0.0.tgz",
          "integrity": "sha1-MuU3fLVy3kqwR1O9+IIcAe1gW3w=",
          "requires": {
            "loose-envify": "1.3.1"
          }
        }
      }
    },
    "min-document": {
      "version": "2.19.0",
      "resolved": "https://registry.npmjs.org/min-document/-/min-document-2.19.0.tgz",
      "integrity": "sha1-e9KC4/WELtKVu3SM3Z8f+iyCRoU=",
      "requires": {
        "dom-walk": "0.1.1"
      }
    },
    "moment": {
      "version": "2.19.1",
      "resolved": "https://registry.npmjs.org/moment/-/moment-2.19.1.tgz",
      "integrity": "sha1-VtoaLRy/AdOLfhr8McELz6GSkWc="
    },
    "node-fetch": {
      "version": "1.7.3",
      "resolved": "https://registry.npmjs.org/node-fetch/-/node-fetch-1.7.3.tgz",
      "integrity": "sha512-NhZ4CsKx7cYm2vSrBAr2PvFOe6sWDf0UYLRqA6svUYg7+/TSfVAu49jYC4BvQ4Sms9SZgdqGBgroqfDhJdTyKQ==",
      "requires": {
        "encoding": "0.1.12",
        "is-stream": "1.1.0"
      }
    },
    "normalize-scroll-left": {
      "version": "0.1.2",
      "resolved": "https://registry.npmjs.org/normalize-scroll-left/-/normalize-scroll-left-0.1.2.tgz",
      "integrity": "sha512-F9YMRls0zCF6BFIE2YnXDRpHPpfd91nOIaNdDgrx5YMoPLo8Wqj+6jNXHQsYBavJeXP4ww8HCt0xQAKc5qk2Fg=="
    },
    "object-assign": {
      "version": "4.1.1",
      "resolved": "https://registry.npmjs.org/object-assign/-/object-assign-4.1.1.tgz",
      "integrity": "sha1-IQmtx5ZYh8/AXLvUQsrIv7s2CGM="
    },
    "popper.js": {
      "version": "1.12.6",
      "resolved": "https://registry.npmjs.org/popper.js/-/popper.js-1.12.6.tgz",
      "integrity": "sha512-wZlMkIJM1hFcM9F7nSrRCbKKfkH0kk/GrCoj3EUoKU8kx9xPtvnOZNHKsQOM12+xqbYv2HeBWI8Y8pxb6vmnRQ=="
    },
    "process": {
      "version": "0.5.2",
      "resolved": "https://registry.npmjs.org/process/-/process-0.5.2.tgz",
      "integrity": "sha1-FjjYqONML0QKkduVq5rrZ3/Bhc8="
    },
    "promise": {
      "version": "7.3.1",
      "resolved": "https://registry.npmjs.org/promise/-/promise-7.3.1.tgz",
      "integrity": "sha512-nolQXZ/4L+bP/UGlkfaIujX9BKxGwmQ9OT4mOt5yvy8iK1h3wqTEJCijzGANTCCl9nWjY41juyAn2K3Q1hLLTg==",
      "requires": {
        "asap": "2.0.6"
      }
    },
    "prop-types": {
      "version": "15.6.0",
      "resolved": "https://registry.npmjs.org/prop-types/-/prop-types-15.6.0.tgz",
      "integrity": "sha1-zq8IMCL8RrSjX2nhPvda7Q1jmFY=",
      "requires": {
        "fbjs": "0.8.16",
        "loose-envify": "1.3.1",
        "object-assign": "4.1.1"
      }
    },
    "prop-types-extra": {
      "version": "1.0.1",
      "resolved": "https://registry.npmjs.org/prop-types-extra/-/prop-types-extra-1.0.1.tgz",
      "integrity": "sha1-pXvUgQ6C0no/9DF+zBtK0AX3moI=",
      "requires": {
        "warning": "3.0.0"
      },
      "dependencies": {
        "warning": {
          "version": "3.0.0",
          "resolved": "https://registry.npmjs.org/warning/-/warning-3.0.0.tgz",
          "integrity": "sha1-MuU3fLVy3kqwR1O9+IIcAe1gW3w=",
          "requires": {
            "loose-envify": "1.3.1"
          }
        }
      }
    },
    "rafl": {
      "version": "1.2.2",
      "resolved": "https://registry.npmjs.org/rafl/-/rafl-1.2.2.tgz",
      "integrity": "sha1-/pMPdYIRAg1H44gV9Rlqi+QVB0A=",
      "requires": {
        "global": "4.3.2"
      }
    },
    "react-big-calendar": {
      "version": "0.17.0",
      "resolved": "https://registry.npmjs.org/react-big-calendar/-/react-big-calendar-0.17.0.tgz",
      "integrity": "sha512-lE++ses5PFyx+tuGVkIM12LUZfhCOJaas3YVp0TKI4gJf+YpfiZb3Fi0qtKK87yxIDf9VvPTzBScoEyKv71wWw==",
      "requires": {
        "classnames": "2.2.5",
        "date-arithmetic": "3.1.0",
        "dom-helpers": "3.2.1",
        "invariant": "2.2.2",
        "lodash": "4.17.4",
        "prop-types": "15.6.0",
        "react-overlays": "0.7.4",
        "react-prop-types": "0.4.0",
        "uncontrollable": "4.1.0",
        "warning": "2.1.0"
      }
    },
    "react-event-listener": {
      "version": "0.5.1",
      "resolved": "https://registry.npmjs.org/react-event-listener/-/react-event-listener-0.5.1.tgz",
      "integrity": "sha1-ujYHbke8N8Wmf/XM1Kn/DxViEEA=",
      "requires": {
        "babel-runtime": "6.26.0",
        "fbjs": "0.8.16",
        "prop-types": "15.6.0",
        "warning": "3.0.0"
      },
      "dependencies": {
        "warning": {
          "version": "3.0.0",
          "resolved": "https://registry.npmjs.org/warning/-/warning-3.0.0.tgz",
          "integrity": "sha1-MuU3fLVy3kqwR1O9+IIcAe1gW3w=",
          "requires": {
            "loose-envify": "1.3.1"
          }
        }
      }
    },
    "react-flow-types": {
      "version": "0.2.0-beta.4",
      "resolved": "https://registry.npmjs.org/react-flow-types/-/react-flow-types-0.2.0-beta.4.tgz",
      "integrity": "sha512-Nx4jBE0IU06mb8Sr/V3e53DxBfMVkB4s1J6lywPh7wnOO3c4TV7EV1gWq0NZUp0+oefEoLAPWP+aETAZ/6z0kA=="
    },
    "react-jss": {
      "version": "7.2.0",
      "resolved": "https://registry.npmjs.org/react-jss/-/react-jss-7.2.0.tgz",
      "integrity": "sha512-vgnNFImsjfchBloCt0BCe7MeiNEiGtTm/MGA0RVFjU/ccTt+YAlfFhSlGJ+KOC3qQ9Sl5mkl07JatGfjW2CTQQ==",
      "requires": {
        "hoist-non-react-statics": "1.2.0",
        "jss": "8.1.0",
        "jss-preset-default": "3.0.0",
        "prop-types": "15.6.0",
        "theming": "1.1.0"
      },
      "dependencies": {
        "hoist-non-react-statics": {
          "version": "1.2.0",
          "resolved": "https://registry.npmjs.org/hoist-non-react-statics/-/hoist-non-react-statics-1.2.0.tgz",
          "integrity": "sha1-qkSM8JhtVcxAdzsXF0t90GbLfPs="
        }
      }
    },
    "react-overlays": {
      "version": "0.7.4",
      "resolved": "https://registry.npmjs.org/react-overlays/-/react-overlays-0.7.4.tgz",
      "integrity": "sha512-7vsooMx3siLAuEfTs8FYeP/lAORWWFXTO8PON3KgX0Htq1Oa+po6ioSjGyO0/GO5CVSMNhpWt6V2opeexHgBuQ==",
      "requires": {
        "classnames": "2.2.5",
        "dom-helpers": "3.2.1",
        "prop-types": "15.6.0",
        "prop-types-extra": "1.0.1",
        "warning": "3.0.0"
      },
      "dependencies": {
        "warning": {
          "version": "3.0.0",
          "resolved": "https://registry.npmjs.org/warning/-/warning-3.0.0.tgz",
          "integrity": "sha1-MuU3fLVy3kqwR1O9+IIcAe1gW3w=",
          "requires": {
            "loose-envify": "1.3.1"
          }
        }
      }
    },
    "react-popper": {
      "version": "0.7.4",
      "resolved": "https://registry.npmjs.org/react-popper/-/react-popper-0.7.4.tgz",
      "integrity": "sha512-dx1fcKYYkidq7f71I1g+YX7g3QBLZ9taqiSRdJ7wbP7v/o7F6JsrUaNWGbVNul+TqdDDIZ5/k0xPUol9baqQJQ==",
      "requires": {
        "popper.js": "1.12.6",
        "prop-types": "15.6.0"
      }
    },
    "react-prop-types": {
      "version": "0.4.0",
      "resolved": "https://registry.npmjs.org/react-prop-types/-/react-prop-types-0.4.0.tgz",
      "integrity": "sha1-+ZsL+0AGkpya8gUefBQUpcdbk9A=",
      "requires": {
        "warning": "3.0.0"
      },
      "dependencies": {
        "warning": {
          "version": "3.0.0",
          "resolved": "https://registry.npmjs.org/warning/-/warning-3.0.0.tgz",
          "integrity": "sha1-MuU3fLVy3kqwR1O9+IIcAe1gW3w=",
          "requires": {
            "loose-envify": "1.3.1"
          }
        }
      }
    },
    "react-scrollbar-size": {
      "version": "2.0.2",
      "resolved": "https://registry.npmjs.org/react-scrollbar-size/-/react-scrollbar-size-2.0.2.tgz",
      "integrity": "sha512-scpDs2PZFf9CJteBeDu7jkk7s+YX06Si4rQGVHsH6vjR/p7417q1Jv5SpOblLLesOgNrfWekwoHQG1g0/p3tvw==",
      "requires": {
        "babel-runtime": "6.26.0",
        "prop-types": "15.6.0",
        "react-event-listener": "0.5.1"
      }
    },
    "react-transition-group": {
      "version": "2.2.1",
      "resolved": "https://registry.npmjs.org/react-transition-group/-/react-transition-group-2.2.1.tgz",
      "integrity": "sha512-q54UBM22bs/CekG8r3+vi9TugSqh0t7qcEVycaRc9M0p0aCEu+h6rp/RFiW7fHfgd1IKpd9oILFTl5QK+FpiPA==",
      "requires": {
        "chain-function": "1.0.0",
        "classnames": "2.2.5",
        "dom-helpers": "3.2.1",
        "loose-envify": "1.3.1",
        "prop-types": "15.6.0",
        "warning": "3.0.0"
      },
      "dependencies": {
        "warning": {
          "version": "3.0.0",
          "resolved": "https://registry.npmjs.org/warning/-/warning-3.0.0.tgz",
          "integrity": "sha1-MuU3fLVy3kqwR1O9+IIcAe1gW3w=",
          "requires": {
            "loose-envify": "1.3.1"
          }
        }
      }
    },
    "recompose": {
      "version": "0.26.0",
      "resolved": "https://registry.npmjs.org/recompose/-/recompose-0.26.0.tgz",
      "integrity": "sha512-KwOu6ztO0mN5vy3+zDcc45lgnaUoaQse/a5yLVqtzTK13czSWnFGmXbQVmnoMgDkI5POd1EwIKSbjU1V7xdZog==",
      "requires": {
        "change-emitter": "0.1.6",
        "fbjs": "0.8.16",
        "hoist-non-react-statics": "2.3.1",
        "symbol-observable": "1.0.4"
      }
    },
    "regenerator-runtime": {
      "version": "0.11.0",
      "resolved": "https://registry.npmjs.org/regenerator-runtime/-/regenerator-runtime-0.11.0.tgz",
      "integrity": "sha512-/aA0kLeRb5N9K0d4fw7ooEbI+xDe+DKD499EQqygGqeS8N3xto15p09uY2xj7ixP81sNPXvRLnAQIqdVStgb1A=="
    },
    "scroll": {
      "version": "2.0.1",
      "resolved": "https://registry.npmjs.org/scroll/-/scroll-2.0.1.tgz",
      "integrity": "sha1-tMfSfovPOuiligQvJyaK4/VfnM0=",
      "requires": {
        "rafl": "1.2.2"
      }
    },
    "setimmediate": {
      "version": "1.0.5",
      "resolved": "https://registry.npmjs.org/setimmediate/-/setimmediate-1.0.5.tgz",
      "integrity": "sha1-KQy7Iy4waULX1+qbg3Mqt4VvgoU="
    },
    "symbol-observable": {
      "version": "1.0.4",
      "resolved": "https://registry.npmjs.org/symbol-observable/-/symbol-observable-1.0.4.tgz",
      "integrity": "sha1-Kb9hXUqnEhvdiYsi1LP5vE4qoD0="
    },
    "theming": {
      "version": "1.1.0",
      "resolved": "https://registry.npmjs.org/theming/-/theming-1.1.0.tgz",
      "integrity": "sha512-YRhQV+eqeuef70eqfMGKGR+3DBXoWJ4lsrSSuj8dzrv0/EsnVuDmZAjIifESvJARtuP1KbMpdl8qbXdLAz4t/w==",
      "requires": {
        "brcast": "2.0.2",
        "is-function": "1.0.1",
        "is-plain-object": "2.0.4",
        "prop-types": "15.6.0",
        "react": "15.6.2"
      },
      "dependencies": {
        "brcast": {
          "version": "2.0.2",
          "resolved": "https://registry.npmjs.org/brcast/-/brcast-2.0.2.tgz",
          "integrity": "sha512-Tfn5JSE7hrUlFcOoaLzVvkbgIemIorMIyoMr3TgvszWW7jFt2C9PdeMLtysYD9RU0MmU17b69+XJG1eRY2OBRg=="
        },
        "react": {
          "version": "15.6.2",
          "resolved": "https://registry.npmjs.org/react/-/react-15.6.2.tgz",
          "integrity": "sha1-26BDSrQ5z+gvEI8PURZjkIF5qnI=",
          "requires": {
            "create-react-class": "15.6.2",
            "fbjs": "0.8.16",
            "loose-envify": "1.3.1",
            "object-assign": "4.1.1",
            "prop-types": "15.6.0"
          }
        }
      }
    },
    "ua-parser-js": {
      "version": "0.7.17",
      "resolved": "https://registry.npmjs.org/ua-parser-js/-/ua-parser-js-0.7.17.tgz",
      "integrity": "sha512-uRdSdu1oA1rncCQL7sCj8vSyZkgtL7faaw9Tc9rZ3mGgraQ7+Pdx7w5mnOSF3gw9ZNG6oc+KXfkon3bKuROm0g=="
    },
    "uncontrollable": {
      "version": "4.1.0",
      "resolved": "https://registry.npmjs.org/uncontrollable/-/uncontrollable-4.1.0.tgz",
      "integrity": "sha1-4DWCkSUuGGUiLZCTmxny9J+Bwak=",
      "requires": {
        "invariant": "2.2.2"
      }
    },
    "warning": {
      "version": "2.1.0",
      "resolved": "https://registry.npmjs.org/warning/-/warning-2.1.0.tgz",
      "integrity": "sha1-ISINnGOvx3qMkhEeARr3Bc4MaQE=",
      "requires": {
        "loose-envify": "1.3.1"
      }
    },
    "whatwg-fetch": {
      "version": "2.0.3",
      "resolved": "https://registry.npmjs.org/whatwg-fetch/-/whatwg-fetch-2.0.3.tgz",
      "integrity": "sha1-nITsLc9oGH/wC8ZOEnS0QhduHIQ="
    }
  }
}
